
Microsoft Visual Studio Solution File, Format Version 12.00
# Visual Studio Version 17
VisualStudioVersion = 17.4.33213.308
MinimumVisualStudioVersion = 10.0.40219.1
Project("{FAE04EC0-301F-11D3-BF4B-00C04F79EFBC}") = "002-WPF", "002-WPF\002-WPF.csproj", "{20B0A0DE-7872-4A32-B897-A723E67BCC42}"
EndProject
Global
	GlobalSection(SolutionConfigurationPlatforms) = preSolution
		Debug|Any CPU = Debug|Any CPU
		Release|Any CPU = Release|Any CPU
	EndGlobalSection
	GlobalSection(ProjectConfigurationPlatforms) = postSolution
		{20B0A0DE-7872-4A32-B897-A723E67BCC42}.Debug|Any CPU.ActiveCfg = Debug|Any CPU
		{20B0A0DE-7872-4A32-B897-A723E67BCC42}.Debug|Any CPU.Build.0 = Debug|Any CPU
		{20B0A0DE-7872-4A32-B897-A723E67BCC42}.Release|Any CPU.ActiveCfg = Release|Any CPU
		{20B0A0DE-7872-4A32-B897-A723E67BCC42}.Release|Any CPU.Build.0 = Release|Any CPU
	EndGlobalSection
	GlobalSection(SolutionProperties) = preSolution
		HideSolutionNode = FALSE
	EndGlobalSection
	GlobalSection(ExtensibilityGlobals) = postSolution
		SolutionGuid = {5164F73A-BDF2-44BD-9141-18EBEF2299FD}
	EndGlobalSection
EndGlobal
