
Microsoft Visual Studio Solution File, Format Version 12.00
# Visual Studio Version 17
VisualStudioVersion = 17.4.33213.308
MinimumVisualStudioVersion = 10.0.40219.1
Project("{FAE04EC0-301F-11D3-BF4B-00C04F79EFBC}") = "_212_Sintaxis", "_212_Sintaxis\_212_Sintaxis.csproj", "{B50AED39-3F20-430C-BE3E-F193F21B7EFB}"
EndProject
Global
	GlobalSection(SolutionConfigurationPlatforms) = preSolution
		Debug|Any CPU = Debug|Any CPU
		Release|Any CPU = Release|Any CPU
	EndGlobalSection
	GlobalSection(ProjectConfigurationPlatforms) = postSolution
		{B50AED39-3F20-430C-BE3E-F193F21B7EFB}.Debug|Any CPU.ActiveCfg = Debug|Any CPU
		{B50AED39-3F20-430C-BE3E-F193F21B7EFB}.Debug|Any CPU.Build.0 = Debug|Any CPU
		{B50AED39-3F20-430C-BE3E-F193F21B7EFB}.Release|Any CPU.ActiveCfg = Release|Any CPU
		{B50AED39-3F20-430C-BE3E-F193F21B7EFB}.Release|Any CPU.Build.0 = Release|Any CPU
	EndGlobalSection
	GlobalSection(SolutionProperties) = preSolution
		HideSolutionNode = FALSE
	EndGlobalSection
	GlobalSection(ExtensibilityGlobals) = postSolution
		SolutionGuid = {1AF87D4E-D9A8-480C-93ED-DFAF8FFADCDA}
	EndGlobalSection
EndGlobal
