
Microsoft Visual Studio Solution File, Format Version 12.00
# Visual Studio Version 17
VisualStudioVersion = 17.5.002.0
MinimumVisualStudioVersion = 10.0.40219.1
Project("{9A19103F-16F7-4668-BE54-9A1E7A4F7556}") = "TDMPW_3P_EX_77850", "TDMPW_3P_EX_77850.csproj", "{F5AEF5C3-0727-4D58-88E2-920BC9F99666}"
EndProject
Global
	GlobalSection(SolutionConfigurationPlatforms) = preSolution
		Debug|Any CPU = Debug|Any CPU
		Release|Any CPU = Release|Any CPU
	EndGlobalSection
	GlobalSection(ProjectConfigurationPlatforms) = postSolution
		{F5AEF5C3-0727-4D58-88E2-920BC9F99666}.Debug|Any CPU.ActiveCfg = Debug|Any CPU
		{F5AEF5C3-0727-4D58-88E2-920BC9F99666}.Debug|Any CPU.Build.0 = Debug|Any CPU
		{F5AEF5C3-0727-4D58-88E2-920BC9F99666}.Release|Any CPU.ActiveCfg = Release|Any CPU
		{F5AEF5C3-0727-4D58-88E2-920BC9F99666}.Release|Any CPU.Build.0 = Release|Any CPU
	EndGlobalSection
	GlobalSection(SolutionProperties) = preSolution
		HideSolutionNode = FALSE
	EndGlobalSection
	GlobalSection(ExtensibilityGlobals) = postSolution
		SolutionGuid = {59899C58-40D7-4067-A686-1441F4EF9F5F}
	EndGlobalSection
EndGlobal
