
Microsoft Visual Studio Solution File, Format Version 12.00
# Visual Studio Version 17
VisualStudioVersion = 17.4.33213.308
MinimumVisualStudioVersion = 10.0.40219.1
Project("{FAE04EC0-301F-11D3-BF4B-00C04F79EFBC}") = "Proyecto 1", "Proyecto 1\Proyecto 1.csproj", "{30AAB83F-2E74-406A-96DF-7CA74954A432}"
EndProject
Global
	GlobalSection(SolutionConfigurationPlatforms) = preSolution
		Debug|Any CPU = Debug|Any CPU
		Release|Any CPU = Release|Any CPU
	EndGlobalSection
	GlobalSection(ProjectConfigurationPlatforms) = postSolution
		{30AAB83F-2E74-406A-96DF-7CA74954A432}.Debug|Any CPU.ActiveCfg = Debug|Any CPU
		{30AAB83F-2E74-406A-96DF-7CA74954A432}.Debug|Any CPU.Build.0 = Debug|Any CPU
		{30AAB83F-2E74-406A-96DF-7CA74954A432}.Release|Any CPU.ActiveCfg = Release|Any CPU
		{30AAB83F-2E74-406A-96DF-7CA74954A432}.Release|Any CPU.Build.0 = Release|Any CPU
	EndGlobalSection
	GlobalSection(SolutionProperties) = preSolution
		HideSolutionNode = FALSE
	EndGlobalSection
	GlobalSection(ExtensibilityGlobals) = postSolution
		SolutionGuid = {2DC70CC9-F1A5-4276-B95B-875458389227}
	EndGlobalSection
EndGlobal
